
Microsoft Visual Studio Solution File, Format Version 12.00
# Visual Studio 15
VisualStudioVersion = 15.0.27428.2015
MinimumVisualStudioVersion = 10.0.40219.1
Project("{FAE04EC0-301F-11D3-BF4B-00C04F79EFBC}") = "HealthyEating", "HealthyEating\HealthyEating.csproj", "{C41053A2-0F36-42BB-90BE-4B3A4EB1425F}"
EndProject
Global
	GlobalSection(SolutionConfigurationPlatforms) = preSolution
		Debug|Any CPU = Debug|Any CPU
		Release|Any CPU = Release|Any CPU
	EndGlobalSection
	GlobalSection(ProjectConfigurationPlatforms) = postSolution
		{C41053A2-0F36-42BB-90BE-4B3A4EB1425F}.Debug|Any CPU.ActiveCfg = Debug|Any CPU
		{C41053A2-0F36-42BB-90BE-4B3A4EB1425F}.Debug|Any CPU.Build.0 = Debug|Any CPU
		{C41053A2-0F36-42BB-90BE-4B3A4EB1425F}.Release|Any CPU.ActiveCfg = Release|Any CPU
		{C41053A2-0F36-42BB-90BE-4B3A4EB1425F}.Release|Any CPU.Build.0 = Release|Any CPU
	EndGlobalSection
	GlobalSection(SolutionProperties) = preSolution
		HideSolutionNode = FALSE
	EndGlobalSection
	GlobalSection(ExtensibilityGlobals) = postSolution
		SolutionGuid = {85425BB0-D9AC-41AA-82AD-89EF7AD44F7F}
	EndGlobalSection
EndGlobal
